
Microsoft Visual Studio Solution File, Format Version 12.00
# Visual Studio Version 16
VisualStudioVersion = 16.0.30804.86
MinimumVisualStudioVersion = 10.0.40219.1
Project("{FAE04EC0-301F-11D3-BF4B-00C04F79EFBC}") = "KampIntro", "KampIntro\KampIntro.csproj", "{47CB3FFF-2F1E-4935-9362-429B39070220}"
EndProject
Project("{FAE04EC0-301F-11D3-BF4B-00C04F79EFBC}") = "Donguler", "Donguler\Donguler.csproj", "{BC37CBC8-9D6B-4656-8143-1419F3B7C919}"
EndProject
Project("{FAE04EC0-301F-11D3-BF4B-00C04F79EFBC}") = "ClassIntro", "ClassIntro\ClassIntro.csproj", "{219F99CC-A94F-4F18-9A7C-F1C8E81E930C}"
EndProject
Project("{FAE04EC0-301F-11D3-BF4B-00C04F79EFBC}") = "Metotlar", "Metotlar\Metotlar.csproj", "{B03C98BE-F20D-44F3-B09C-9B8470888E5E}"
EndProject
Project("{FAE04EC0-301F-11D3-BF4B-00C04F79EFBC}") = "Matematik", "Matematik\Matematik.csproj", "{2D12DBEF-28F4-4740-895E-35A322AA2799}"
EndProject
Project("{FAE04EC0-301F-11D3-BF4B-00C04F79EFBC}") = "DegerVeReferansTiıpler", "DegerVeReferansTiıpler\DegerVeReferansTiıpler.csproj", "{3F217731-8FC4-4499-988D-AB011E436144}"
EndProject
Global
	GlobalSection(SolutionConfigurationPlatforms) = preSolution
		Debug|Any CPU = Debug|Any CPU
		Release|Any CPU = Release|Any CPU
	EndGlobalSection
	GlobalSection(ProjectConfigurationPlatforms) = postSolution
		{47CB3FFF-2F1E-4935-9362-429B39070220}.Debug|Any CPU.ActiveCfg = Debug|Any CPU
		{47CB3FFF-2F1E-4935-9362-429B39070220}.Debug|Any CPU.Build.0 = Debug|Any CPU
		{47CB3FFF-2F1E-4935-9362-429B39070220}.Release|Any CPU.ActiveCfg = Release|Any CPU
		{47CB3FFF-2F1E-4935-9362-429B39070220}.Release|Any CPU.Build.0 = Release|Any CPU
		{BC37CBC8-9D6B-4656-8143-1419F3B7C919}.Debug|Any CPU.ActiveCfg = Debug|Any CPU
		{BC37CBC8-9D6B-4656-8143-1419F3B7C919}.Debug|Any CPU.Build.0 = Debug|Any CPU
		{BC37CBC8-9D6B-4656-8143-1419F3B7C919}.Release|Any CPU.ActiveCfg = Release|Any CPU
		{BC37CBC8-9D6B-4656-8143-1419F3B7C919}.Release|Any CPU.Build.0 = Release|Any CPU
		{219F99CC-A94F-4F18-9A7C-F1C8E81E930C}.Debug|Any CPU.ActiveCfg = Debug|Any CPU
		{219F99CC-A94F-4F18-9A7C-F1C8E81E930C}.Debug|Any CPU.Build.0 = Debug|Any CPU
		{219F99CC-A94F-4F18-9A7C-F1C8E81E930C}.Release|Any CPU.ActiveCfg = Release|Any CPU
		{219F99CC-A94F-4F18-9A7C-F1C8E81E930C}.Release|Any CPU.Build.0 = Release|Any CPU
		{B03C98BE-F20D-44F3-B09C-9B8470888E5E}.Debug|Any CPU.ActiveCfg = Debug|Any CPU
		{B03C98BE-F20D-44F3-B09C-9B8470888E5E}.Debug|Any CPU.Build.0 = Debug|Any CPU
		{B03C98BE-F20D-44F3-B09C-9B8470888E5E}.Release|Any CPU.ActiveCfg = Release|Any CPU
		{B03C98BE-F20D-44F3-B09C-9B8470888E5E}.Release|Any CPU.Build.0 = Release|Any CPU
		{2D12DBEF-28F4-4740-895E-35A322AA2799}.Debug|Any CPU.ActiveCfg = Debug|Any CPU
		{2D12DBEF-28F4-4740-895E-35A322AA2799}.Debug|Any CPU.Build.0 = Debug|Any CPU
		{2D12DBEF-28F4-4740-895E-35A322AA2799}.Release|Any CPU.ActiveCfg = Release|Any CPU
		{2D12DBEF-28F4-4740-895E-35A322AA2799}.Release|Any CPU.Build.0 = Release|Any CPU
		{3F217731-8FC4-4499-988D-AB011E436144}.Debug|Any CPU.ActiveCfg = Debug|Any CPU
		{3F217731-8FC4-4499-988D-AB011E436144}.Debug|Any CPU.Build.0 = Debug|Any CPU
		{3F217731-8FC4-4499-988D-AB011E436144}.Release|Any CPU.ActiveCfg = Release|Any CPU
		{3F217731-8FC4-4499-988D-AB011E436144}.Release|Any CPU.Build.0 = Release|Any CPU
	EndGlobalSection
	GlobalSection(SolutionProperties) = preSolution
		HideSolutionNode = FALSE
	EndGlobalSection
	GlobalSection(ExtensibilityGlobals) = postSolution
		SolutionGuid = {2958BA53-5020-41B9-9FD7-8CDDEB2F1A57}
	EndGlobalSection
EndGlobal
