
Microsoft Visual Studio Solution File, Format Version 12.00
# Visual Studio Version 16
VisualStudioVersion = 16.0.30804.86
MinimumVisualStudioVersion = 10.0.40219.1
Project("{FAE04EC0-301F-11D3-BF4B-00C04F79EFBC}") = "KampIntro", "KampIntro\KampIntro.csproj", "{47CB3FFF-2F1E-4935-9362-429B39070220}"
EndProject
Project("{FAE04EC0-301F-11D3-BF4B-00C04F79EFBC}") = "Donguler", "Donguler\Donguler.csproj", "{BC37CBC8-9D6B-4656-8143-1419F3B7C919}"
EndProject
Project("{FAE04EC0-301F-11D3-BF4B-00C04F79EFBC}") = "ClassIntro", "ClassIntro\ClassIntro.csproj", "{4BAE3083-0B6F-4738-850F-1FC660F13426}"
EndProject
Global
	GlobalSection(SolutionConfigurationPlatforms) = preSolution
		Debug|Any CPU = Debug|Any CPU
		Release|Any CPU = Release|Any CPU
	EndGlobalSection
	GlobalSection(ProjectConfigurationPlatforms) = postSolution
		{47CB3FFF-2F1E-4935-9362-429B39070220}.Debug|Any CPU.ActiveCfg = Debug|Any CPU
		{47CB3FFF-2F1E-4935-9362-429B39070220}.Debug|Any CPU.Build.0 = Debug|Any CPU
		{47CB3FFF-2F1E-4935-9362-429B39070220}.Release|Any CPU.ActiveCfg = Release|Any CPU
		{47CB3FFF-2F1E-4935-9362-429B39070220}.Release|Any CPU.Build.0 = Release|Any CPU
		{BC37CBC8-9D6B-4656-8143-1419F3B7C919}.Debug|Any CPU.ActiveCfg = Debug|Any CPU
		{BC37CBC8-9D6B-4656-8143-1419F3B7C919}.Debug|Any CPU.Build.0 = Debug|Any CPU
		{BC37CBC8-9D6B-4656-8143-1419F3B7C919}.Release|Any CPU.ActiveCfg = Release|Any CPU
		{BC37CBC8-9D6B-4656-8143-1419F3B7C919}.Release|Any CPU.Build.0 = Release|Any CPU
		{4BAE3083-0B6F-4738-850F-1FC660F13426}.Debug|Any CPU.ActiveCfg = Debug|Any CPU
		{4BAE3083-0B6F-4738-850F-1FC660F13426}.Debug|Any CPU.Build.0 = Debug|Any CPU
		{4BAE3083-0B6F-4738-850F-1FC660F13426}.Release|Any CPU.ActiveCfg = Release|Any CPU
		{4BAE3083-0B6F-4738-850F-1FC660F13426}.Release|Any CPU.Build.0 = Release|Any CPU
	EndGlobalSection
	GlobalSection(SolutionProperties) = preSolution
		HideSolutionNode = FALSE
	EndGlobalSection
	GlobalSection(ExtensibilityGlobals) = postSolution
		SolutionGuid = {2958BA53-5020-41B9-9FD7-8CDDEB2F1A57}
	EndGlobalSection
EndGlobal
